// !$*UTF8*$!
{
	archiveVersion = 1;
	classes = {
	};
	objectVersion = 46;
	objects = {

/* Begin PBXBuildFile section */
		E1384967167BACD800F45403 /* SenTestingKit.framework in Frameworks */ = {isa = PBXBuildFile; fileRef = E1C37B8416482A7800F1976D /* SenTestingKit.framework */; };
		E1384968167BACD800F45403 /* Cocoa.framework in Frameworks */ = {isa = PBXBuildFile; fileRef = E1C37B9116482E2100F1976D /* Cocoa.framework */; };
		E138496E167BACD800F45403 /* InfoPlist.strings in Resources */ = {isa = PBXBuildFile; fileRef = E138496C167BACD800F45403 /* InfoPlist.strings */; };
		E1384971167BACD800F45403 /* vanillatest.m in Sources */ = {isa = PBXBuildFile; fileRef = E1384970167BACD800F45403 /* vanillatest.m */; };
		E138497A167BB89900F45403 /* 3K1W.png in Resources */ = {isa = PBXBuildFile; fileRef = E1384979167BB89900F45403 /* 3K1W.png */; };
		E138497B167BBB2F00F45403 /* PHHasher.m in Sources */ = {isa = PBXBuildFile; fileRef = E1C37BA61648653700F1976D /* PHHasher.m */; };
		E138497C167BBB3400F45403 /* PHUtility.m in Sources */ = {isa = PBXBuildFile; fileRef = E16DC9A3164D89560083A47A /* PHUtility.m */; };
		E138497D167BBB4500F45403 /* QuartzCore.framework in Frameworks */ = {isa = PBXBuildFile; fileRef = E17F9A661649791F00B8898F /* QuartzCore.framework */; };
		E161B20616729C8800F72A3C /* Lagrangian.dylib in Frameworks */ = {isa = PBXBuildFile; fileRef = E161B20516729C8800F72A3C /* Lagrangian.dylib */; settings = {ATTRIBUTES = (Weak, ); }; };
		E16DC9A4164D89560083A47A /* PHUtility.m in Sources */ = {isa = PBXBuildFile; fileRef = E16DC9A3164D89560083A47A /* PHUtility.m */; };
		E17F9A671649791F00B8898F /* QuartzCore.framework in Frameworks */ = {isa = PBXBuildFile; fileRef = E17F9A661649791F00B8898F /* QuartzCore.framework */; };
		E1C37B621648297A00F1976D /* main.m in Sources */ = {isa = PBXBuildFile; fileRef = E1C37B611648297A00F1976D /* main.m */; };
		E1C37B661648297A00F1976D /* phash.1 in CopyFiles */ = {isa = PBXBuildFile; fileRef = E1C37B651648297A00F1976D /* phash.1 */; };
		E1C37BA71648653700F1976D /* PHHasher.m in Sources */ = {isa = PBXBuildFile; fileRef = E1C37BA61648653700F1976D /* PHHasher.m */; };
		E1C37BA9164865BA00F1976D /* Cocoa.framework in Frameworks */ = {isa = PBXBuildFile; fileRef = E1C37B9116482E2100F1976D /* Cocoa.framework */; };
/* End PBXBuildFile section */

/* Begin PBXCopyFilesBuildPhase section */
		E1C37B581648297A00F1976D /* CopyFiles */ = {
			isa = PBXCopyFilesBuildPhase;
			buildActionMask = 2147483647;
			dstPath = /usr/local/share/man/man1/;
			dstSubfolderSpec = 0;
			files = (
				E1C37B661648297A00F1976D /* phash.1 in CopyFiles */,
			);
			runOnlyForDeploymentPostprocessing = 1;
		};
/* End PBXCopyFilesBuildPhase section */

/* Begin PBXFileReference section */
		E1384966167BACD800F45403 /* vanillatest.octest */ = {isa = PBXFileReference; explicitFileType = wrapper.cfbundle; includeInIndex = 0; path = vanillatest.octest; sourceTree = BUILT_PRODUCTS_DIR; };
		E138496B167BACD800F45403 /* vanillatest-Info.plist */ = {isa = PBXFileReference; lastKnownFileType = text.plist.xml; path = "vanillatest-Info.plist"; sourceTree = "<group>"; };
		E138496D167BACD800F45403 /* en */ = {isa = PBXFileReference; lastKnownFileType = text.plist.strings; name = en; path = en.lproj/InfoPlist.strings; sourceTree = "<group>"; };
		E1384970167BACD800F45403 /* vanillatest.m */ = {isa = PBXFileReference; lastKnownFileType = sourcecode.c.objc; path = vanillatest.m; sourceTree = "<group>"; };
		E1384972167BACD800F45403 /* vanillatest-Prefix.pch */ = {isa = PBXFileReference; lastKnownFileType = sourcecode.c.h; path = "vanillatest-Prefix.pch"; sourceTree = "<group>"; };
		E1384979167BB89900F45403 /* 3K1W.png */ = {isa = PBXFileReference; lastKnownFileType = image.png; name = 3K1W.png; path = test/corpus/3K1W.png; sourceTree = SOURCE_ROOT; };
		E161B1F51672708A00F72A3C /* perceptualhash.octest */ = {isa = PBXFileReference; explicitFileType = wrapper.cfbundle; includeInIndex = 0; name = perceptualhash.octest; path = lagrangian.octest; sourceTree = BUILT_PRODUCTS_DIR; };
		E161B20516729C8800F72A3C /* Lagrangian.dylib */ = {isa = PBXFileReference; lastKnownFileType = "compiled.mach-o.dylib"; name = Lagrangian.dylib; path = Lagrangian/DerivedData/Lagrangian/Build/Products/Debug/Lagrangian.dylib; sourceTree = "<group>"; };
		E16DC9A3164D89560083A47A /* PHUtility.m */ = {isa = PBXFileReference; fileEncoding = 4; lastKnownFileType = sourcecode.c.objc; path = PHUtility.m; sourceTree = "<group>"; };
		E16DC9A6164D89620083A47A /* PHUtility.h */ = {isa = PBXFileReference; lastKnownFileType = sourcecode.c.h; path = PHUtility.h; sourceTree = "<group>"; };
		E17F9A661649791F00B8898F /* QuartzCore.framework */ = {isa = PBXFileReference; lastKnownFileType = wrapper.framework; name = QuartzCore.framework; path = System/Library/Frameworks/QuartzCore.framework; sourceTree = SDKROOT; };
		E1C37B5A1648297A00F1976D /* phash */ = {isa = PBXFileReference; explicitFileType = "compiled.mach-o.executable"; includeInIndex = 0; path = phash; sourceTree = BUILT_PRODUCTS_DIR; };
		E1C37B611648297A00F1976D /* main.m */ = {isa = PBXFileReference; lastKnownFileType = sourcecode.c.objc; path = main.m; sourceTree = "<group>"; };
		E1C37B641648297A00F1976D /* perceptualhash-Prefix.pch */ = {isa = PBXFileReference; lastKnownFileType = sourcecode.c.h; path = "perceptualhash-Prefix.pch"; sourceTree = "<group>"; };
		E1C37B651648297A00F1976D /* phash.1 */ = {isa = PBXFileReference; lastKnownFileType = text.man; path = phash.1; sourceTree = "<group>"; };
		E1C37B8416482A7800F1976D /* SenTestingKit.framework */ = {isa = PBXFileReference; lastKnownFileType = wrapper.framework; name = SenTestingKit.framework; path = Library/Frameworks/SenTestingKit.framework; sourceTree = DEVELOPER_DIR; };
		E1C37B9116482E2100F1976D /* Cocoa.framework */ = {isa = PBXFileReference; lastKnownFileType = wrapper.framework; name = Cocoa.framework; path = System/Library/Frameworks/Cocoa.framework; sourceTree = SDKROOT; };
		E1C37B9416482E2100F1976D /* AppKit.framework */ = {isa = PBXFileReference; lastKnownFileType = wrapper.framework; name = AppKit.framework; path = System/Library/Frameworks/AppKit.framework; sourceTree = SDKROOT; };
		E1C37B9516482E2100F1976D /* CoreData.framework */ = {isa = PBXFileReference; lastKnownFileType = wrapper.framework; name = CoreData.framework; path = System/Library/Frameworks/CoreData.framework; sourceTree = SDKROOT; };
		E1C37B9616482E2100F1976D /* Foundation.framework */ = {isa = PBXFileReference; lastKnownFileType = wrapper.framework; name = Foundation.framework; path = System/Library/Frameworks/Foundation.framework; sourceTree = SDKROOT; };
		E1C37BA416483A8000F1976D /* README */ = {isa = PBXFileReference; lastKnownFileType = text; path = README; sourceTree = "<group>"; };
		E1C37BA51648653700F1976D /* PHHasher.h */ = {isa = PBXFileReference; fileEncoding = 4; lastKnownFileType = sourcecode.c.h; path = PHHasher.h; sourceTree = "<group>"; };
		E1C37BA61648653700F1976D /* PHHasher.m */ = {isa = PBXFileReference; fileEncoding = 4; lastKnownFileType = sourcecode.c.objc; path = PHHasher.m; sourceTree = "<group>"; };
/* End PBXFileReference section */

/* Begin PBXFrameworksBuildPhase section */
		E1384962167BACD800F45403 /* Frameworks */ = {
			isa = PBXFrameworksBuildPhase;
			buildActionMask = 2147483647;
			files = (
				E1384967167BACD800F45403 /* SenTestingKit.framework in Frameworks */,
				E1384968167BACD800F45403 /* Cocoa.framework in Frameworks */,
				E138497D167BBB4500F45403 /* QuartzCore.framework in Frameworks */,
			);
			runOnlyForDeploymentPostprocessing = 0;
		};
		E1C37B571648297A00F1976D /* Frameworks */ = {
			isa = PBXFrameworksBuildPhase;
			buildActionMask = 2147483647;
			files = (
				E17F9A671649791F00B8898F /* QuartzCore.framework in Frameworks */,
				E1C37BA9164865BA00F1976D /* Cocoa.framework in Frameworks */,
				E161B20616729C8800F72A3C /* Lagrangian.dylib in Frameworks */,
			);
			runOnlyForDeploymentPostprocessing = 0;
		};
/* End PBXFrameworksBuildPhase section */

/* Begin PBXGroup section */
		E1384969167BACD800F45403 /* vanillatest */ = {
			isa = PBXGroup;
			children = (
				E1384978167BB84500F45403 /* Test corpus */,
				E1384970167BACD800F45403 /* vanillatest.m */,
				E138496A167BACD800F45403 /* Supporting Files */,
			);
			path = vanillatest;
			sourceTree = "<group>";
		};
		E138496A167BACD800F45403 /* Supporting Files */ = {
			isa = PBXGroup;
			children = (
				E138496B167BACD800F45403 /* vanillatest-Info.plist */,
				E138496C167BACD800F45403 /* InfoPlist.strings */,
				E1384972167BACD800F45403 /* vanillatest-Prefix.pch */,
			);
			name = "Supporting Files";
			sourceTree = "<group>";
		};
		E1384978167BB84500F45403 /* Test corpus */ = {
			isa = PBXGroup;
			children = (
				E1384979167BB89900F45403 /* 3K1W.png */,
			);
			name = "Test corpus";
			sourceTree = "<group>";
		};
		E1C37B4F1648297A00F1976D = {
			isa = PBXGroup;
			children = (
				E1C37BA416483A8000F1976D /* README */,
				E1C37B601648297A00F1976D /* perceptualhash */,
				E1384969167BACD800F45403 /* vanillatest */,
				E1C37B5D1648297A00F1976D /* Frameworks */,
				E1C37B5B1648297A00F1976D /* Products */,
			);
			sourceTree = "<group>";
		};
		E1C37B5B1648297A00F1976D /* Products */ = {
			isa = PBXGroup;
			children = (
				E1C37B5A1648297A00F1976D /* phash */,
				E161B1F51672708A00F72A3C /* perceptualhash.octest */,
				E1384966167BACD800F45403 /* vanillatest.octest */,
			);
			name = Products;
			path = DerivedData/perceptualhash/Build/Products;
			sourceTree = "<group>";
		};
		E1C37B5D1648297A00F1976D /* Frameworks */ = {
			isa = PBXGroup;
			children = (
				E161B20516729C8800F72A3C /* Lagrangian.dylib */,
				E17F9A661649791F00B8898F /* QuartzCore.framework */,
				E1C37B8416482A7800F1976D /* SenTestingKit.framework */,
				E1C37B9116482E2100F1976D /* Cocoa.framework */,
				E1C37B9316482E2100F1976D /* Other Frameworks */,
			);
			name = Frameworks;
			sourceTree = "<group>";
		};
		E1C37B601648297A00F1976D /* perceptualhash */ = {
			isa = PBXGroup;
			children = (
				E1C37B611648297A00F1976D /* main.m */,
				E1C37B651648297A00F1976D /* phash.1 */,
				E1C37B631648297A00F1976D /* Supporting Files */,
				E1C37BA51648653700F1976D /* PHHasher.h */,
				E1C37BA61648653700F1976D /* PHHasher.m */,
				E16DC9A3164D89560083A47A /* PHUtility.m */,
				E16DC9A6164D89620083A47A /* PHUtility.h */,
			);
			path = perceptualhash;
			sourceTree = "<group>";
		};
		E1C37B631648297A00F1976D /* Supporting Files */ = {
			isa = PBXGroup;
			children = (
				E1C37B641648297A00F1976D /* perceptualhash-Prefix.pch */,
			);
			name = "Supporting Files";
			sourceTree = "<group>";
		};
		E1C37B9316482E2100F1976D /* Other Frameworks */ = {
			isa = PBXGroup;
			children = (
				E1C37B9416482E2100F1976D /* AppKit.framework */,
				E1C37B9516482E2100F1976D /* CoreData.framework */,
				E1C37B9616482E2100F1976D /* Foundation.framework */,
			);
			name = "Other Frameworks";
			sourceTree = "<group>";
		};
/* End PBXGroup section */

/* Begin PBXNativeTarget section */
		E1384965167BACD800F45403 /* vanillatest */ = {
			isa = PBXNativeTarget;
			buildConfigurationList = E1384976167BACD800F45403 /* Build configuration list for PBXNativeTarget "vanillatest" */;
			buildPhases = (
				E1384961167BACD800F45403 /* Sources */,
				E1384962167BACD800F45403 /* Frameworks */,
				E1384963167BACD800F45403 /* Resources */,
				E1384964167BACD800F45403 /* ShellScript */,
			);
			buildRules = (
			);
			dependencies = (
			);
			name = vanillatest;
			productName = vanillatest;
			productReference = E1384966167BACD800F45403 /* vanillatest.octest */;
			productType = "com.apple.product-type.bundle";
		};
		E161B1F41672708A00F72A3C /* lagrangian */ = {
			isa = PBXNativeTarget;
			buildConfigurationList = E161B1F61672708A00F72A3C /* Build configuration list for PBXNativeTarget "lagrangian" */;
			buildPhases = (
			);
			buildRules = (
			);
			dependencies = (
			);
			name = lagrangian;
			productName = perceptualhash;
			productReference = E161B1F51672708A00F72A3C /* perceptualhash.octest */;
			productType = "com.apple.product-type.bundle";
		};
		E1C37B591648297A00F1976D /* phash */ = {
			isa = PBXNativeTarget;
			buildConfigurationList = E1C37B691648297A00F1976D /* Build configuration list for PBXNativeTarget "phash" */;
			buildPhases = (
				E1C37B561648297A00F1976D /* Sources */,
				E1C37B571648297A00F1976D /* Frameworks */,
				E1C37B581648297A00F1976D /* CopyFiles */,
			);
			buildRules = (
			);
			dependencies = (
			);
			name = phash;
			productName = perceptualhash;
			productReference = E1C37B5A1648297A00F1976D /* phash */;
			productType = "com.apple.product-type.tool";
		};
/* End PBXNativeTarget section */

/* Begin PBXProject section */
		E1C37B511648297A00F1976D /* Project object */ = {
			isa = PBXProject;
			attributes = {
				LastUpgradeCheck = 0450;
				ORGANIZATIONNAME = "Ryan McCuaig";
			};
			buildConfigurationList = E1C37B541648297A00F1976D /* Build configuration list for PBXProject "perceptualhash" */;
			compatibilityVersion = "Xcode 3.2";
			developmentRegion = English;
			hasScannedForEncodings = 0;
			knownRegions = (
				en,
			);
			mainGroup = E1C37B4F1648297A00F1976D;
			productRefGroup = E1C37B5B1648297A00F1976D /* Products */;
			projectDirPath = "";
			projectRoot = "";
			targets = (
				E1C37B591648297A00F1976D /* phash */,
				E161B1F41672708A00F72A3C /* lagrangian */,
				E1384965167BACD800F45403 /* vanillatest */,
			);
		};
/* End PBXProject section */

/* Begin PBXResourcesBuildPhase section */
		E1384963167BACD800F45403 /* Resources */ = {
			isa = PBXResourcesBuildPhase;
			buildActionMask = 2147483647;
			files = (
				E138496E167BACD800F45403 /* InfoPlist.strings in Resources */,
				E138497A167BB89900F45403 /* 3K1W.png in Resources */,
			);
			runOnlyForDeploymentPostprocessing = 0;
		};
/* End PBXResourcesBuildPhase section */

/* Begin PBXShellScriptBuildPhase section */
		E1384964167BACD800F45403 /* ShellScript */ = {
			isa = PBXShellScriptBuildPhase;
			buildActionMask = 2147483647;
			files = (
			);
			inputPaths = (
			);
			outputPaths = (
			);
			runOnlyForDeploymentPostprocessing = 0;
			shellPath = /bin/sh;
			shellScript = "# Run the unit tests in this test bundle.\n\"${SYSTEM_DEVELOPER_DIR}/Tools/RunUnitTests\"\n";
		};
/* End PBXShellScriptBuildPhase section */

/* Begin PBXSourcesBuildPhase section */
		E1384961167BACD800F45403 /* Sources */ = {
			isa = PBXSourcesBuildPhase;
			buildActionMask = 2147483647;
			files = (
				E1384971167BACD800F45403 /* vanillatest.m in Sources */,
				E138497B167BBB2F00F45403 /* PHHasher.m in Sources */,
				E138497C167BBB3400F45403 /* PHUtility.m in Sources */,
			);
			runOnlyForDeploymentPostprocessing = 0;
		};
		E1C37B561648297A00F1976D /* Sources */ = {
			isa = PBXSourcesBuildPhase;
			buildActionMask = 2147483647;
			files = (
				E1C37B621648297A00F1976D /* main.m in Sources */,
				E1C37BA71648653700F1976D /* PHHasher.m in Sources */,
				E16DC9A4164D89560083A47A /* PHUtility.m in Sources */,
			);
			runOnlyForDeploymentPostprocessing = 0;
		};
/* End PBXSourcesBuildPhase section */

/* Begin PBXVariantGroup section */
		E138496C167BACD800F45403 /* InfoPlist.strings */ = {
			isa = PBXVariantGroup;
			children = (
				E138496D167BACD800F45403 /* en */,
			);
			name = InfoPlist.strings;
			sourceTree = "<group>";
		};
/* End PBXVariantGroup section */

/* Begin XCBuildConfiguration section */
		E1384973167BACD800F45403 /* Debug */ = {
			isa = XCBuildConfiguration;
			buildSettings = {
				COMBINE_HIDPI_IMAGES = YES;
				FRAMEWORK_SEARCH_PATHS = "\"$(DEVELOPER_LIBRARY_DIR)/Frameworks\"";
				GCC_PRECOMPILE_PREFIX_HEADER = YES;
				GCC_PREFIX_HEADER = "vanillatest/vanillatest-Prefix.pch";
				INFOPLIST_FILE = "vanillatest/vanillatest-Info.plist";
				PRODUCT_NAME = "$(TARGET_NAME)";
				WRAPPER_EXTENSION = octest;
			};
			name = Debug;
		};
		E1384974167BACD800F45403 /* Test */ = {
			isa = XCBuildConfiguration;
			buildSettings = {
				COMBINE_HIDPI_IMAGES = YES;
				FRAMEWORK_SEARCH_PATHS = "\"$(DEVELOPER_LIBRARY_DIR)/Frameworks\"";
				GCC_PRECOMPILE_PREFIX_HEADER = YES;
				GCC_PREFIX_HEADER = "vanillatest/vanillatest-Prefix.pch";
				INFOPLIST_FILE = "vanillatest/vanillatest-Info.plist";
				PRODUCT_NAME = "$(TARGET_NAME)";
				WRAPPER_EXTENSION = octest;
			};
			name = Test;
		};
		E1384975167BACD800F45403 /* Release */ = {
			isa = XCBuildConfiguration;
			buildSettings = {
				COMBINE_HIDPI_IMAGES = YES;
				FRAMEWORK_SEARCH_PATHS = "\"$(DEVELOPER_LIBRARY_DIR)/Frameworks\"";
				GCC_PRECOMPILE_PREFIX_HEADER = YES;
				GCC_PREFIX_HEADER = "vanillatest/vanillatest-Prefix.pch";
				INFOPLIST_FILE = "vanillatest/vanillatest-Info.plist";
				PRODUCT_NAME = "$(TARGET_NAME)";
				WRAPPER_EXTENSION = octest;
			};
			name = Release;
		};
		E161B1F71672708A00F72A3C /* Debug */ = {
			isa = XCBuildConfiguration;
			buildSettings = {
				PRODUCT_NAME = "$(TARGET_NAME)";
				TEST_HOST = "$(BUILT_PRODUCTS_DIR)/phash.app/Contents/MacOS/phash";
				WRAPPER_EXTENSION = octest;
			};
			name = Debug;
		};
		E161B1F81672708A00F72A3C /* Release */ = {
			isa = XCBuildConfiguration;
			buildSettings = {
				PRODUCT_NAME = "$(TARGET_NAME)";
				TEST_HOST = "$(BUILT_PRODUCTS_DIR)/phash.app/Contents/MacOS/phash";
				WRAPPER_EXTENSION = octest;
			};
			name = Release;
		};
		E161B1FD167277E000F72A3C /* Test */ = {
			isa = XCBuildConfiguration;
			buildSettings = {
				ALWAYS_SEARCH_USER_PATHS = NO;
				ARCHS = "$(ARCHS_STANDARD_64_BIT)";
				CLANG_CXX_LANGUAGE_STANDARD = "gnu++0x";
				CLANG_CXX_LIBRARY = "libc++";
				CLANG_ENABLE_OBJC_ARC = YES;
				CLANG_WARN_EMPTY_BODY = YES;
				CLANG_WARN__DUPLICATE_METHOD_MATCH = YES;
				COPY_PHASE_STRIP = NO;
				GCC_C_LANGUAGE_STANDARD = gnu99;
				GCC_DYNAMIC_NO_PIC = NO;
				GCC_ENABLE_OBJC_EXCEPTIONS = YES;
				GCC_OPTIMIZATION_LEVEL = 0;
				GCC_PREPROCESSOR_DEFINITIONS = (
					"L3_TESTS=1",
					"DEBUG=1",
					"$(inherited)",
				);
				GCC_SYMBOLS_PRIVATE_EXTERN = NO;
				GCC_WARN_64_TO_32_BIT_CONVERSION = YES;
				GCC_WARN_ABOUT_RETURN_TYPE = YES;
				GCC_WARN_UNINITIALIZED_AUTOS = YES;
				GCC_WARN_UNUSED_VARIABLE = YES;
				"HEADER_SEARCH_PATHS[arch=*]" = "$(SRCROOT)/Lagrangian";
				MACOSX_DEPLOYMENT_TARGET = 10.8;
				ONLY_ACTIVE_ARCH = YES;
				SDKROOT = macosx;
			};
			name = Test;
		};
		E161B1FE167277E000F72A3C /* Test */ = {
			isa = XCBuildConfiguration;
			buildSettings = {
				GCC_PRECOMPILE_PREFIX_HEADER = YES;
				GCC_PREFIX_HEADER = "perceptualhash/perceptualhash-Prefix.pch";
				INSTALL_PATH = "";
				LIBRARY_SEARCH_PATHS = (
					"$(inherited)",
					"\"$(SRCROOT)/Lagrangian/DerivedData/Lagrangian/Build/Products/Debug\"",
				);
				PRODUCT_NAME = "$(TARGET_NAME)";
			};
			name = Test;
		};
		E161B1FF167277E000F72A3C /* Test */ = {
			isa = XCBuildConfiguration;
			buildSettings = {
				PRODUCT_NAME = "$(TARGET_NAME)";
				TEST_HOST = "$(BUILT_PRODUCTS_DIR)/phash.app/Contents/MacOS/phash";
				WRAPPER_EXTENSION = octest;
			};
			name = Test;
		};
		E1C37B671648297A00F1976D /* Debug */ = {
			isa = XCBuildConfiguration;
			buildSettings = {
				ALWAYS_SEARCH_USER_PATHS = NO;
				ARCHS = "$(ARCHS_STANDARD_64_BIT)";
				CLANG_CXX_LANGUAGE_STANDARD = "gnu++0x";
				CLANG_CXX_LIBRARY = "libc++";
				CLANG_ENABLE_OBJC_ARC = YES;
				CLANG_WARN_EMPTY_BODY = YES;
				CLANG_WARN__DUPLICATE_METHOD_MATCH = YES;
				COPY_PHASE_STRIP = NO;
				GCC_C_LANGUAGE_STANDARD = gnu99;
				GCC_DYNAMIC_NO_PIC = NO;
				GCC_ENABLE_OBJC_EXCEPTIONS = YES;
				GCC_OPTIMIZATION_LEVEL = 0;
				GCC_PREPROCESSOR_DEFINITIONS = (
					"DEBUG=1",
					"$(inherited)",
				);
				GCC_SYMBOLS_PRIVATE_EXTERN = NO;
				GCC_WARN_64_TO_32_BIT_CONVERSION = YES;
				GCC_WARN_ABOUT_RETURN_TYPE = YES;
				GCC_WARN_UNINITIALIZED_AUTOS = YES;
				GCC_WARN_UNUSED_VARIABLE = YES;
				"HEADER_SEARCH_PATHS[arch=*]" = "$(SRCROOT)/Lagrangian";
				MACOSX_DEPLOYMENT_TARGET = 10.8;
				ONLY_ACTIVE_ARCH = YES;
				SDKROOT = macosx;
			};
			name = Debug;
		};
		E1C37B681648297A00F1976D /* Release */ = {
			isa = XCBuildConfiguration;
			buildSettings = {
				ALWAYS_SEARCH_USER_PATHS = NO;
				ARCHS = "$(ARCHS_STANDARD_64_BIT)";
				CLANG_CXX_LANGUAGE_STANDARD = "gnu++0x";
				CLANG_CXX_LIBRARY = "libc++";
				CLANG_ENABLE_OBJC_ARC = YES;
				CLANG_WARN_EMPTY_BODY = YES;
				CLANG_WARN__DUPLICATE_METHOD_MATCH = YES;
				COPY_PHASE_STRIP = YES;
				DEBUG_INFORMATION_FORMAT = "dwarf-with-dsym";
				GCC_C_LANGUAGE_STANDARD = gnu99;
				GCC_ENABLE_OBJC_EXCEPTIONS = YES;
				GCC_WARN_64_TO_32_BIT_CONVERSION = YES;
				GCC_WARN_ABOUT_RETURN_TYPE = YES;
				GCC_WARN_UNINITIALIZED_AUTOS = YES;
				GCC_WARN_UNUSED_VARIABLE = YES;
				MACOSX_DEPLOYMENT_TARGET = 10.8;
				SDKROOT = macosx;
			};
			name = Release;
		};
		E1C37B6A1648297A00F1976D /* Debug */ = {
			isa = XCBuildConfiguration;
			buildSettings = {
				GCC_PRECOMPILE_PREFIX_HEADER = YES;
				GCC_PREFIX_HEADER = "perceptualhash/perceptualhash-Prefix.pch";
				GCC_PREPROCESSOR_DEFINITIONS = "$(inherited)";
				INSTALL_PATH = "";
				LIBRARY_SEARCH_PATHS = (
					"$(inherited)",
					"\"$(SRCROOT)/Lagrangian/DerivedData/Lagrangian/Build/Products/Debug\"",
				);
				PRODUCT_NAME = "$(TARGET_NAME)";
			};
			name = Debug;
		};
		E1C37B6B1648297A00F1976D /* Release */ = {
			isa = XCBuildConfiguration;
			buildSettings = {
				GCC_PRECOMPILE_PREFIX_HEADER = YES;
				GCC_PREFIX_HEADER = "perceptualhash/perceptualhash-Prefix.pch";
				LIBRARY_SEARCH_PATHS = (
					"$(inherited)",
					"\"$(SRCROOT)/Lagrangian/DerivedData/Lagrangian/Build/Products/Debug\"",
				);
				PRODUCT_NAME = "$(TARGET_NAME)";
			};
			name = Release;
		};
/* End XCBuildConfiguration section */

/* Begin XCConfigurationList section */
		E1384976167BACD800F45403 /* Build configuration list for PBXNativeTarget "vanillatest" */ = {
			isa = XCConfigurationList;
			buildConfigurations = (
				E1384973167BACD800F45403 /* Debug */,
				E1384974167BACD800F45403 /* Test */,
				E1384975167BACD800F45403 /* Release */,
			);
			defaultConfigurationIsVisible = 0;
			defaultConfigurationName = Release;
		};
		E161B1F61672708A00F72A3C /* Build configuration list for PBXNativeTarget "lagrangian" */ = {
			isa = XCConfigurationList;
			buildConfigurations = (
				E161B1F71672708A00F72A3C /* Debug */,
				E161B1FF167277E000F72A3C /* Test */,
				E161B1F81672708A00F72A3C /* Release */,
			);
			defaultConfigurationIsVisible = 0;
			defaultConfigurationName = Release;
		};
		E1C37B541648297A00F1976D /* Build configuration list for PBXProject "perceptualhash" */ = {
			isa = XCConfigurationList;
			buildConfigurations = (
				E1C37B671648297A00F1976D /* Debug */,
				E161B1FD167277E000F72A3C /* Test */,
				E1C37B681648297A00F1976D /* Release */,
			);
			defaultConfigurationIsVisible = 0;
			defaultConfigurationName = Release;
		};
		E1C37B691648297A00F1976D /* Build configuration list for PBXNativeTarget "phash" */ = {
			isa = XCConfigurationList;
			buildConfigurations = (
				E1C37B6A1648297A00F1976D /* Debug */,
				E161B1FE167277E000F72A3C /* Test */,
				E1C37B6B1648297A00F1976D /* Release */,
			);
			defaultConfigurationIsVisible = 0;
			defaultConfigurationName = Release;
		};
/* End XCConfigurationList section */
	};
	rootObject = E1C37B511648297A00F1976D /* Project object */;
}
